
Microsoft Visual Studio Solution File, Format Version 12.00
# Visual Studio 15
VisualStudioVersion = 15.0.28307.271
MinimumVisualStudioVersion = 10.0.40219.1
Project("{FAE04EC0-301F-11D3-BF4B-00C04F79EFBC}") = "OOP22", "OOP22\OOP22.csproj", "{906F2493-5250-46F7-B487-0282176D8420}"
EndProject
Global
	GlobalSection(SolutionConfigurationPlatforms) = preSolution
		Debug|Any CPU = Debug|Any CPU
		Release|Any CPU = Release|Any CPU
	EndGlobalSection
	GlobalSection(ProjectConfigurationPlatforms) = postSolution
		{906F2493-5250-46F7-B487-0282176D8420}.Debug|Any CPU.ActiveCfg = Debug|Any CPU
		{906F2493-5250-46F7-B487-0282176D8420}.Debug|Any CPU.Build.0 = Debug|Any CPU
		{906F2493-5250-46F7-B487-0282176D8420}.Release|Any CPU.ActiveCfg = Release|Any CPU
		{906F2493-5250-46F7-B487-0282176D8420}.Release|Any CPU.Build.0 = Release|Any CPU
	EndGlobalSection
	GlobalSection(SolutionProperties) = preSolution
		HideSolutionNode = FALSE
	EndGlobalSection
	GlobalSection(ExtensibilityGlobals) = postSolution
		SolutionGuid = {8C7DA95F-E1BB-4D71-B7E6-29C106882DF3}
	EndGlobalSection
EndGlobal
