
Microsoft Visual Studio Solution File, Format Version 12.00
# Visual Studio Version 16
VisualStudioVersion = 16.0.30907.101
MinimumVisualStudioVersion = 10.0.40219.1
Project("{FAE04EC0-301F-11D3-BF4B-00C04F79EFBC}") = "SerilaizationExample", "SerilaizationExample\SerilaizationExample.csproj", "{329F9E81-27DA-42AD-A67B-D65E4D1E1538}"
EndProject
Global
	GlobalSection(SolutionConfigurationPlatforms) = preSolution
		Debug|Any CPU = Debug|Any CPU
		Release|Any CPU = Release|Any CPU
	EndGlobalSection
	GlobalSection(ProjectConfigurationPlatforms) = postSolution
		{329F9E81-27DA-42AD-A67B-D65E4D1E1538}.Debug|Any CPU.ActiveCfg = Debug|Any CPU
		{329F9E81-27DA-42AD-A67B-D65E4D1E1538}.Debug|Any CPU.Build.0 = Debug|Any CPU
		{329F9E81-27DA-42AD-A67B-D65E4D1E1538}.Release|Any CPU.ActiveCfg = Release|Any CPU
		{329F9E81-27DA-42AD-A67B-D65E4D1E1538}.Release|Any CPU.Build.0 = Release|Any CPU
	EndGlobalSection
	GlobalSection(SolutionProperties) = preSolution
		HideSolutionNode = FALSE
	EndGlobalSection
	GlobalSection(ExtensibilityGlobals) = postSolution
		SolutionGuid = {7405C760-A585-4B4D-AB90-9879EC451E7E}
	EndGlobalSection
EndGlobal
